
Microsoft Visual Studio Solution File, Format Version 12.00
# Visual Studio 15
VisualStudioVersion = 15.0.26228.10
MinimumVisualStudioVersion = 10.0.40219.1
Project("{2150E333-8FDC-42A3-9474-1A3956D46DE8}") = "01 - Apps", "01 - Apps", "{EB922777-EE65-4CE1-80E5-090A2F18F0DB}"
EndProject
Project("{FAE04EC0-301F-11D3-BF4B-00C04F79EFBC}") = "WebMvc", "01 - Apps\WebMvc\WebMvc.csproj", "{5DB607FF-06C9-4EB0-96C1-F4A772A3E90F}"
EndProject
Project("{FAE04EC0-301F-11D3-BF4B-00C04F79EFBC}") = "WebMvc.Testes", "WebMvc.Testes\WebMvc.Testes.csproj", "{B61CECC6-7E47-4F09-9869-F5C1B918087E}"
EndProject
Global
	GlobalSection(SolutionConfigurationPlatforms) = preSolution
		Debug|Any CPU = Debug|Any CPU
		Release|Any CPU = Release|Any CPU
	EndGlobalSection
	GlobalSection(ProjectConfigurationPlatforms) = postSolution
		{5DB607FF-06C9-4EB0-96C1-F4A772A3E90F}.Debug|Any CPU.ActiveCfg = Debug|Any CPU
		{5DB607FF-06C9-4EB0-96C1-F4A772A3E90F}.Debug|Any CPU.Build.0 = Debug|Any CPU
		{5DB607FF-06C9-4EB0-96C1-F4A772A3E90F}.Release|Any CPU.ActiveCfg = Release|Any CPU
		{5DB607FF-06C9-4EB0-96C1-F4A772A3E90F}.Release|Any CPU.Build.0 = Release|Any CPU
		{B61CECC6-7E47-4F09-9869-F5C1B918087E}.Debug|Any CPU.ActiveCfg = Debug|Any CPU
		{B61CECC6-7E47-4F09-9869-F5C1B918087E}.Debug|Any CPU.Build.0 = Debug|Any CPU
		{B61CECC6-7E47-4F09-9869-F5C1B918087E}.Release|Any CPU.ActiveCfg = Release|Any CPU
		{B61CECC6-7E47-4F09-9869-F5C1B918087E}.Release|Any CPU.Build.0 = Release|Any CPU
	EndGlobalSection
	GlobalSection(SolutionProperties) = preSolution
		HideSolutionNode = FALSE
	EndGlobalSection
	GlobalSection(NestedProjects) = preSolution
		{5DB607FF-06C9-4EB0-96C1-F4A772A3E90F} = {EB922777-EE65-4CE1-80E5-090A2F18F0DB}
		{B61CECC6-7E47-4F09-9869-F5C1B918087E} = {EB922777-EE65-4CE1-80E5-090A2F18F0DB}
	EndGlobalSection
EndGlobal
